// !$*UTF8*$!
{
	archiveVersion = 1;
	classes = {
	};
	objectVersion = 50;
	objects = {

/* Begin PBXBuildFile section */
		AE107E27FBEFDD442646D744 /* Pods_DKNormalProject.framework in Frameworks */ = {isa = PBXBuildFile; fileRef = 5D35B5915A843F8E1BD887DB /* Pods_DKNormalProject.framework */; };
		D6CA0625267EECED001C7B68 /* AppDelegate.swift in Sources */ = {isa = PBXBuildFile; fileRef = D6CA0624267EECED001C7B68 /* AppDelegate.swift */; };
		D6CA0627267EECED001C7B68 /* SceneDelegate.swift in Sources */ = {isa = PBXBuildFile; fileRef = D6CA0626267EECED001C7B68 /* SceneDelegate.swift */; };
		D6CA0629267EECED001C7B68 /* ViewController.swift in Sources */ = {isa = PBXBuildFile; fileRef = D6CA0628267EECED001C7B68 /* ViewController.swift */; };
		D6CA062C267EECED001C7B68 /* Main.storyboard in Resources */ = {isa = PBXBuildFile; fileRef = D6CA062A267EECED001C7B68 /* Main.storyboard */; };
		D6CA062E267EECEE001C7B68 /* Assets.xcassets in Resources */ = {isa = PBXBuildFile; fileRef = D6CA062D267EECEE001C7B68 /* Assets.xcassets */; };
		D6CA0631267EECEE001C7B68 /* LaunchScreen.storyboard in Resources */ = {isa = PBXBuildFile; fileRef = D6CA062F267EECEE001C7B68 /* LaunchScreen.storyboard */; };
/* End PBXBuildFile section */

/* Begin PBXFileReference section */
		2EC0EE7D967834632FFDA396 /* Pods-DKNormalProject.release.xcconfig */ = {isa = PBXFileReference; includeInIndex = 1; lastKnownFileType = text.xcconfig; name = "Pods-DKNormalProject.release.xcconfig"; path = "Target Support Files/Pods-DKNormalProject/Pods-DKNormalProject.release.xcconfig"; sourceTree = "<group>"; };
		5D35B5915A843F8E1BD887DB /* Pods_DKNormalProject.framework */ = {isa = PBXFileReference; explicitFileType = wrapper.framework; includeInIndex = 0; path = Pods_DKNormalProject.framework; sourceTree = BUILT_PRODUCTS_DIR; };
		D14793BAE0CD3444CB1681BC /* Pods-DKNormalProject.debug.xcconfig */ = {isa = PBXFileReference; includeInIndex = 1; lastKnownFileType = text.xcconfig; name = "Pods-DKNormalProject.debug.xcconfig"; path = "Target Support Files/Pods-DKNormalProject/Pods-DKNormalProject.debug.xcconfig"; sourceTree = "<group>"; };
		D6CA0621267EECED001C7B68 /* DKNormalProject.app */ = {isa = PBXFileReference; explicitFileType = wrapper.application; includeInIndex = 0; path = DKNormalProject.app; sourceTree = BUILT_PRODUCTS_DIR; };
		D6CA0624267EECED001C7B68 /* AppDelegate.swift */ = {isa = PBXFileReference; lastKnownFileType = sourcecode.swift; path = AppDelegate.swift; sourceTree = "<group>"; };
		D6CA0626267EECED001C7B68 /* SceneDelegate.swift */ = {isa = PBXFileReference; lastKnownFileType = sourcecode.swift; path = SceneDelegate.swift; sourceTree = "<group>"; };
		D6CA0628267EECED001C7B68 /* ViewController.swift */ = {isa = PBXFileReference; lastKnownFileType = sourcecode.swift; path = ViewController.swift; sourceTree = "<group>"; };
		D6CA062B267EECED001C7B68 /* Base */ = {isa = PBXFileReference; lastKnownFileType = file.storyboard; name = Base; path = Base.lproj/Main.storyboard; sourceTree = "<group>"; };
		D6CA062D267EECEE001C7B68 /* Assets.xcassets */ = {isa = PBXFileReference; lastKnownFileType = folder.assetcatalog; path = Assets.xcassets; sourceTree = "<group>"; };
		D6CA0630267EECEE001C7B68 /* Base */ = {isa = PBXFileReference; lastKnownFileType = file.storyboard; name = Base; path = Base.lproj/LaunchScreen.storyboard; sourceTree = "<group>"; };
		D6CA0632267EECEE001C7B68 /* Info.plist */ = {isa = PBXFileReference; lastKnownFileType = text.plist.xml; path = Info.plist; sourceTree = "<group>"; };
/* End PBXFileReference section */

/* Begin PBXFrameworksBuildPhase section */
		D6CA061E267EECED001C7B68 /* Frameworks */ = {
			isa = PBXFrameworksBuildPhase;
			buildActionMask = 2147483647;
			files = (
				AE107E27FBEFDD442646D744 /* Pods_DKNormalProject.framework in Frameworks */,
			);
			runOnlyForDeploymentPostprocessing = 0;
		};
/* End PBXFrameworksBuildPhase section */

/* Begin PBXGroup section */
		701E139AEB91223CE493D55B /* Frameworks */ = {
			isa = PBXGroup;
			children = (
				5D35B5915A843F8E1BD887DB /* Pods_DKNormalProject.framework */,
			);
			name = Frameworks;
			sourceTree = "<group>";
		};
		837170E4BC9B13E0BC3641E3 /* Pods */ = {
			isa = PBXGroup;
			children = (
				D14793BAE0CD3444CB1681BC /* Pods-DKNormalProject.debug.xcconfig */,
				2EC0EE7D967834632FFDA396 /* Pods-DKNormalProject.release.xcconfig */,
			);
			name = Pods;
			path = ../Pods;
			sourceTree = "<group>";
		};
		D6CA0618267EECED001C7B68 = {
			isa = PBXGroup;
			children = (
				D6CA0623267EECED001C7B68 /* DKNormalProject */,
				D6CA0622267EECED001C7B68 /* Products */,
				837170E4BC9B13E0BC3641E3 /* Pods */,
				701E139AEB91223CE493D55B /* Frameworks */,
			);
			sourceTree = "<group>";
		};
		D6CA0622267EECED001C7B68 /* Products */ = {
			isa = PBXGroup;
			children = (
				D6CA0621267EECED001C7B68 /* DKNormalProject.app */,
			);
			name = Products;
			sourceTree = "<group>";
		};
		D6CA0623267EECED001C7B68 /* DKNormalProject */ = {
			isa = PBXGroup;
			children = (
				D6CA0624267EECED001C7B68 /* AppDelegate.swift */,
				D6CA0626267EECED001C7B68 /* SceneDelegate.swift */,
				D6CA0628267EECED001C7B68 /* ViewController.swift */,
				D6CA062A267EECED001C7B68 /* Main.storyboard */,
				D6CA062D267EECEE001C7B68 /* Assets.xcassets */,
				D6CA062F267EECEE001C7B68 /* LaunchScreen.storyboard */,
				D6CA0632267EECEE001C7B68 /* Info.plist */,
			);
			path = DKNormalProject;
			sourceTree = "<group>";
		};
/* End PBXGroup section */

/* Begin PBXNativeTarget section */
		D6CA0620267EECED001C7B68 /* DKNormalProject */ = {
			isa = PBXNativeTarget;
			buildConfigurationList = D6CA0635267EECEE001C7B68 /* Build configuration list for PBXNativeTarget "DKNormalProject" */;
			buildPhases = (
				1E86BEC2EE7B8F495FAC3591 /* [CP] Check Pods Manifest.lock */,
				D6CA061D267EECED001C7B68 /* Sources */,
				D6CA061E267EECED001C7B68 /* Frameworks */,
				D6CA061F267EECED001C7B68 /* Resources */,
				54AAAC55ECB52B575247B889 /* [CP] Embed Pods Frameworks */,
			);
			buildRules = (
			);
			dependencies = (
			);
			name = DKNormalProject;
			productName = DKNormalProject;
			productReference = D6CA0621267EECED001C7B68 /* DKNormalProject.app */;
			productType = "com.apple.product-type.application";
		};
/* End PBXNativeTarget section */

/* Begin PBXProject section */
		D6CA0619267EECED001C7B68 /* Project object */ = {
			isa = PBXProject;
			attributes = {
				LastSwiftUpdateCheck = 1250;
				LastUpgradeCheck = 1250;
				TargetAttributes = {
					D6CA0620267EECED001C7B68 = {
						CreatedOnToolsVersion = 12.5;
					};
				};
			};
			buildConfigurationList = D6CA061C267EECED001C7B68 /* Build configuration list for PBXProject "DKNormalProject" */;
			compatibilityVersion = "Xcode 9.3";
			developmentRegion = en;
			hasScannedForEncodings = 0;
			knownRegions = (
				en,
				Base,
			);
			mainGroup = D6CA0618267EECED001C7B68;
			productRefGroup = D6CA0622267EECED001C7B68 /* Products */;
			projectDirPath = "";
			projectRoot = "";
			targets = (
				D6CA0620267EECED001C7B68 /* DKNormalProject */,
			);
		};
/* End PBXProject section */

/* Begin PBXResourcesBuildPhase section */
		D6CA061F267EECED001C7B68 /* Resources */ = {
			isa = PBXResourcesBuildPhase;
			buildActionMask = 2147483647;
			files = (
				D6CA0631267EECEE001C7B68 /* LaunchScreen.storyboard in Resources */,
				D6CA062E267EECEE001C7B68 /* Assets.xcassets in Resources */,
				D6CA062C267EECED001C7B68 /* Main.storyboard in Resources */,
			);
			runOnlyForDeploymentPostprocessing = 0;
		};
/* End PBXResourcesBuildPhase section */

/* Begin PBXShellScriptBuildPhase section */
		1E86BEC2EE7B8F495FAC3591 /* [CP] Check Pods Manifest.lock */ = {
			isa = PBXShellScriptBuildPhase;
			buildActionMask = 2147483647;
			files = (
			);
			inputFileListPaths = (
			);
			inputPaths = (
				"${PODS_PODFILE_DIR_PATH}/Podfile.lock",
				"${PODS_ROOT}/Manifest.lock",
			);
			name = "[CP] Check Pods Manifest.lock";
			outputFileListPaths = (
			);
			outputPaths = (
				"$(DERIVED_FILE_DIR)/Pods-DKNormalProject-checkManifestLockResult.txt",
			);
			runOnlyForDeploymentPostprocessing = 0;
			shellPath = /bin/sh;
			shellScript = "diff \"${PODS_PODFILE_DIR_PATH}/Podfile.lock\" \"${PODS_ROOT}/Manifest.lock\" > /dev/null\nif [ $? != 0 ] ; then\n    # print error to STDERR\n    echo \"error: The sandbox is not in sync with the Podfile.lock. Run 'pod install' or update your CocoaPods installation.\" >&2\n    exit 1\nfi\n# This output is used by Xcode 'outputs' to avoid re-running this script phase.\necho \"SUCCESS\" > \"${SCRIPT_OUTPUT_FILE_0}\"\n";
			showEnvVarsInLog = 0;
		};
		54AAAC55ECB52B575247B889 /* [CP] Embed Pods Frameworks */ = {
			isa = PBXShellScriptBuildPhase;
			buildActionMask = 2147483647;
			files = (
			);
			inputFileListPaths = (
				"${PODS_ROOT}/Target Support Files/Pods-DKNormalProject/Pods-DKNormalProject-frameworks-${CONFIGURATION}-input-files.xcfilelist",
			);
			name = "[CP] Embed Pods Frameworks";
			outputFileListPaths = (
				"${PODS_ROOT}/Target Support Files/Pods-DKNormalProject/Pods-DKNormalProject-frameworks-${CONFIGURATION}-output-files.xcfilelist",
			);
			runOnlyForDeploymentPostprocessing = 0;
			shellPath = /bin/sh;
			shellScript = "\"${PODS_ROOT}/Target Support Files/Pods-DKNormalProject/Pods-DKNormalProject-frameworks.sh\"\n";
			showEnvVarsInLog = 0;
		};
/* End PBXShellScriptBuildPhase section */

/* Begin PBXSourcesBuildPhase section */
		D6CA061D267EECED001C7B68 /* Sources */ = {
			isa = PBXSourcesBuildPhase;
			buildActionMask = 2147483647;
			files = (
				D6CA0629267EECED001C7B68 /* ViewController.swift in Sources */,
				D6CA0625267EECED001C7B68 /* AppDelegate.swift in Sources */,
				D6CA0627267EECED001C7B68 /* SceneDelegate.swift in Sources */,
			);
			runOnlyForDeploymentPostprocessing = 0;
		};
/* End PBXSourcesBuildPhase section */

/* Begin PBXVariantGroup section */
		D6CA062A267EECED001C7B68 /* Main.storyboard */ = {
			isa = PBXVariantGroup;
			children = (
				D6CA062B267EECED001C7B68 /* Base */,
			);
			name = Main.storyboard;
			sourceTree = "<group>";
		};
		D6CA062F267EECEE001C7B68 /* LaunchScreen.storyboard */ = {
			isa = PBXVariantGroup;
			children = (
				D6CA0630267EECEE001C7B68 /* Base */,
			);
			name = LaunchScreen.storyboard;
			sourceTree = "<group>";
		};
/* End PBXVariantGroup section */

/* Begin XCBuildConfiguration section */
		D6CA0633267EECEE001C7B68 /* Debug */ = {
			isa = XCBuildConfiguration;
			buildSettings = {
				ALWAYS_SEARCH_USER_PATHS = NO;
				CLANG_ANALYZER_NONNULL = YES;
				CLANG_ANALYZER_NUMBER_OBJECT_CONVERSION = YES_AGGRESSIVE;
				CLANG_CXX_LANGUAGE_STANDARD = "gnu++14";
				CLANG_CXX_LIBRARY = "libc++";
				CLANG_ENABLE_MODULES = YES;
				CLANG_ENABLE_OBJC_ARC = YES;
				CLANG_ENABLE_OBJC_WEAK = YES;
				CLANG_WARN_BLOCK_CAPTURE_AUTORELEASING = YES;
				CLANG_WARN_BOOL_CONVERSION = YES;
				CLANG_WARN_COMMA = YES;
				CLANG_WARN_CONSTANT_CONVERSION = YES;
				CLANG_WARN_DEPRECATED_OBJC_IMPLEMENTATIONS = YES;
				CLANG_WARN_DIRECT_OBJC_ISA_USAGE = YES_ERROR;
				CLANG_WARN_DOCUMENTATION_COMMENTS = YES;
				CLANG_WARN_EMPTY_BODY = YES;
				CLANG_WARN_ENUM_CONVERSION = YES;
				CLANG_WARN_INFINITE_RECURSION = YES;
				CLANG_WARN_INT_CONVERSION = YES;
				CLANG_WARN_NON_LITERAL_NULL_CONVERSION = YES;
				CLANG_WARN_OBJC_IMPLICIT_RETAIN_SELF = YES;
				CLANG_WARN_OBJC_LITERAL_CONVERSION = YES;
				CLANG_WARN_OBJC_ROOT_CLASS = YES_ERROR;
				CLANG_WARN_QUOTED_INCLUDE_IN_FRAMEWORK_HEADER = YES;
				CLANG_WARN_RANGE_LOOP_ANALYSIS = YES;
				CLANG_WARN_STRICT_PROTOTYPES = YES;
				CLANG_WARN_SUSPICIOUS_MOVE = YES;
				CLANG_WARN_UNGUARDED_AVAILABILITY = YES_AGGRESSIVE;
				CLANG_WARN_UNREACHABLE_CODE = YES;
				CLANG_WARN__DUPLICATE_METHOD_MATCH = YES;
				COPY_PHASE_STRIP = NO;
				DEBUG_INFORMATION_FORMAT = dwarf;
				ENABLE_STRICT_OBJC_MSGSEND = YES;
				ENABLE_TESTABILITY = YES;
				GCC_C_LANGUAGE_STANDARD = gnu11;
				GCC_DYNAMIC_NO_PIC = NO;
				GCC_NO_COMMON_BLOCKS = YES;
				GCC_OPTIMIZATION_LEVEL = 0;
				GCC_PREPROCESSOR_DEFINITIONS = (
					"DEBUG=1",
					"$(inherited)",
				);
				GCC_WARN_64_TO_32_BIT_CONVERSION = YES;
				GCC_WARN_ABOUT_RETURN_TYPE = YES_ERROR;
				GCC_WARN_UNDECLARED_SELECTOR = YES;
				GCC_WARN_UNINITIALIZED_AUTOS = YES_AGGRESSIVE;
				GCC_WARN_UNUSED_FUNCTION = YES;
				GCC_WARN_UNUSED_VARIABLE = YES;
				IPHONEOS_DEPLOYMENT_TARGET = 14.5;
				MTL_ENABLE_DEBUG_INFO = INCLUDE_SOURCE;
				MTL_FAST_MATH = YES;
				ONLY_ACTIVE_ARCH = YES;
				SDKROOT = iphoneos;
				SWIFT_ACTIVE_COMPILATION_CONDITIONS = DEBUG;
				SWIFT_OPTIMIZATION_LEVEL = "-Onone";
			};
			name = Debug;
		};
		D6CA0634267EECEE001C7B68 /* Release */ = {
			isa = XCBuildConfiguration;
			buildSettings = {
				ALWAYS_SEARCH_USER_PATHS = NO;
				CLANG_ANALYZER_NONNULL = YES;
				CLANG_ANALYZER_NUMBER_OBJECT_CONVERSION = YES_AGGRESSIVE;
				CLANG_CXX_LANGUAGE_STANDARD = "gnu++14";
				CLANG_CXX_LIBRARY = "libc++";
				CLANG_ENABLE_MODULES = YES;
				CLANG_ENABLE_OBJC_ARC = YES;
				CLANG_ENABLE_OBJC_WEAK = YES;
				CLANG_WARN_BLOCK_CAPTURE_AUTORELEASING = YES;
				CLANG_WARN_BOOL_CONVERSION = YES;
				CLANG_WARN_COMMA = YES;
				CLANG_WARN_CONSTANT_CONVERSION = YES;
				CLANG_WARN_DEPRECATED_OBJC_IMPLEMENTATIONS = YES;
				CLANG_WARN_DIRECT_OBJC_ISA_USAGE = YES_ERROR;
				CLANG_WARN_DOCUMENTATION_COMMENTS = YES;
				CLANG_WARN_EMPTY_BODY = YES;
				CLANG_WARN_ENUM_CONVERSION = YES;
				CLANG_WARN_INFINITE_RECURSION = YES;
				CLANG_WARN_INT_CONVERSION = YES;
				CLANG_WARN_NON_LITERAL_NULL_CONVERSION = YES;
				CLANG_WARN_OBJC_IMPLICIT_RETAIN_SELF = YES;
				CLANG_WARN_OBJC_LITERAL_CONVERSION = YES;
				CLANG_WARN_OBJC_ROOT_CLASS = YES_ERROR;
				CLANG_WARN_QUOTED_INCLUDE_IN_FRAMEWORK_HEADER = YES;
				CLANG_WARN_RANGE_LOOP_ANALYSIS = YES;
				CLANG_WARN_STRICT_PROTOTYPES = YES;
				CLANG_WARN_SUSPICIOUS_MOVE = YES;
				CLANG_WARN_UNGUARDED_AVAILABILITY = YES_AGGRESSIVE;
				CLANG_WARN_UNREACHABLE_CODE = YES;
				CLANG_WARN__DUPLICATE_METHOD_MATCH = YES;
				COPY_PHASE_STRIP = NO;
				DEBUG_INFORMATION_FORMAT = "dwarf-with-dsym";
				ENABLE_NS_ASSERTIONS = NO;
				ENABLE_STRICT_OBJC_MSGSEND = YES;
				GCC_C_LANGUAGE_STANDARD = gnu11;
				GCC_NO_COMMON_BLOCKS = YES;
				GCC_WARN_64_TO_32_BIT_CONVERSION = YES;
				GCC_WARN_ABOUT_RETURN_TYPE = YES_ERROR;
				GCC_WARN_UNDECLARED_SELECTOR = YES;
				GCC_WARN_UNINITIALIZED_AUTOS = YES_AGGRESSIVE;
				GCC_WARN_UNUSED_FUNCTION = YES;
				GCC_WARN_UNUSED_VARIABLE = YES;
				IPHONEOS_DEPLOYMENT_TARGET = 14.5;
				MTL_ENABLE_DEBUG_INFO = NO;
				MTL_FAST_MATH = YES;
				SDKROOT = iphoneos;
				SWIFT_COMPILATION_MODE = wholemodule;
				SWIFT_OPTIMIZATION_LEVEL = "-O";
				VALIDATE_PRODUCT = YES;
			};
			name = Release;
		};
		D6CA0636267EECEE001C7B68 /* Debug */ = {
			isa = XCBuildConfiguration;
			baseConfigurationReference = D14793BAE0CD3444CB1681BC /* Pods-DKNormalProject.debug.xcconfig */;
			buildSettings = {
				ASSETCATALOG_COMPILER_APPICON_NAME = AppIcon;
				ASSETCATALOG_COMPILER_GLOBAL_ACCENT_COLOR_NAME = AccentColor;
				CODE_SIGN_STYLE = Automatic;
				DEVELOPMENT_TEAM = 7ERAKV8NJ5;
				INFOPLIST_FILE = DKNormalProject/Info.plist;
				LD_RUNPATH_SEARCH_PATHS = (
					"$(inherited)",
					"@executable_path/Frameworks",
				);
				PRODUCT_BUNDLE_IDENTIFIER = www.dingkanProject.com.DKNormalProject;
				PRODUCT_NAME = "$(TARGET_NAME)";
				SWIFT_VERSION = 5.0;
				TARGETED_DEVICE_FAMILY = "1,2";
			};
			name = Debug;
		};
		D6CA0637267EECEE001C7B68 /* Release */ = {
			isa = XCBuildConfiguration;
			baseConfigurationReference = 2EC0EE7D967834632FFDA396 /* Pods-DKNormalProject.release.xcconfig */;
			buildSettings = {
				ASSETCATALOG_COMPILER_APPICON_NAME = AppIcon;
				ASSETCATALOG_COMPILER_GLOBAL_ACCENT_COLOR_NAME = AccentColor;
				CODE_SIGN_STYLE = Automatic;
				DEVELOPMENT_TEAM = 7ERAKV8NJ5;
				INFOPLIST_FILE = DKNormalProject/Info.plist;
				LD_RUNPATH_SEARCH_PATHS = (
					"$(inherited)",
					"@executable_path/Frameworks",
				);
				PRODUCT_BUNDLE_IDENTIFIER = www.dingkanProject.com.DKNormalProject;
				PRODUCT_NAME = "$(TARGET_NAME)";
				SWIFT_VERSION = 5.0;
				TARGETED_DEVICE_FAMILY = "1,2";
			};
			name = Release;
		};
/* End XCBuildConfiguration section */

/* Begin XCConfigurationList section */
		D6CA061C267EECED001C7B68 /* Build configuration list for PBXProject "DKNormalProject" */ = {
			isa = XCConfigurationList;
			buildConfigurations = (
				D6CA0633267EECEE001C7B68 /* Debug */,
				D6CA0634267EECEE001C7B68 /* Release */,
			);
			defaultConfigurationIsVisible = 0;
			defaultConfigurationName = Release;
		};
		D6CA0635267EECEE001C7B68 /* Build configuration list for PBXNativeTarget "DKNormalProject" */ = {
			isa = XCConfigurationList;
			buildConfigurations = (
				D6CA0636267EECEE001C7B68 /* Debug */,
				D6CA0637267EECEE001C7B68 /* Release */,
			);
			defaultConfigurationIsVisible = 0;
			defaultConfigurationName = Release;
		};
/* End XCConfigurationList section */
	};
	rootObject = D6CA0619267EECED001C7B68 /* Project object */;
}
